Microsoft Visual Studio Solution File, Format Version 7.00
Project("{8BC9CEB8-8B4A-11D0-8D11-00A0C91BC942}") = "compiler", "..\compiler\compiler.vcproj", "{2641614B-95FD-4BE5-847D-3C70428DDAB6}"
EndProject
Project("{8BC9CEB8-8B4A-11D0-8D11-00A0C91BC942}") = "nsrt", "..\runtime\nsrt.vcproj", "{562765B9-22CC-47B9-9078-3CB93FEED0A5}"
EndProject
Project("{8BC9CEB8-8B4A-11D0-8D11-00A0C91BC942}") = "nstest", "..\test\nstest.vcproj", "{BC25EEB5-6FED-4FC3-A792-5F4CB3D41593}"
EndProject
Project("{8BC9CEB8-8B4A-11D0-8D11-00A0C91BC942}") = "gc", "..\gc\gclib.vcproj", "{C3468AF1-3848-4D9B-B7FF-0B1FB421E4BB}"
EndProject
Global
	GlobalSection(SourceCodeControl) = preSolution
		SccNumberOfProjects = 5
		SccProjectName0 = Perforce\u0020Project
		SccLocalPath0 = .
		SccProvider0 = MSSCCI:Perforce\u0020SCM
		CanCheckoutShared = true
		SolutionUniqueID = {818388F8-AB7F-45BC-BDF9-E16CC6285B0B}
		SccProjectUniqueName1 = ..\\compiler\\compiler.vcproj
		SccLocalPath1 = ..
		CanCheckoutShared = true
		SccProjectFilePathRelativizedFromConnection1 = compiler\\
		SccProjectUniqueName2 = ..\\runtime\\nsrt.vcproj
		SccLocalPath2 = ..
		CanCheckoutShared = true
		SccProjectFilePathRelativizedFromConnection2 = runtime\\
		SccProjectUniqueName3 = ..\\test\\nstest.vcproj
		SccLocalPath3 = ..
		CanCheckoutShared = true
		SccProjectFilePathRelativizedFromConnection3 = test\\
		SccProjectUniqueName4 = ..\\gc\\gclib.vcproj
		SccLocalPath4 = ..
		CanCheckoutShared = true
		SccProjectFilePathRelativizedFromConnection4 = gc\\
	EndGlobalSection
	GlobalSection(SolutionConfiguration) = preSolution
		ConfigName.0 = Debug
		ConfigName.1 = Release
	EndGlobalSection
	GlobalSection(ProjectDependencies) = postSolution
		{2641614B-95FD-4BE5-847D-3C70428DDAB6}.0 = {562765B9-22CC-47B9-9078-3CB93FEED0A5}
		{2641614B-95FD-4BE5-847D-3C70428DDAB6}.1 = {C3468AF1-3848-4D9B-B7FF-0B1FB421E4BB}
		{562765B9-22CC-47B9-9078-3CB93FEED0A5}.0 = {C3468AF1-3848-4D9B-B7FF-0B1FB421E4BB}
		{BC25EEB5-6FED-4FC3-A792-5F4CB3D41593}.0 = {562765B9-22CC-47B9-9078-3CB93FEED0A5}
		{BC25EEB5-6FED-4FC3-A792-5F4CB3D41593}.1 = {2641614B-95FD-4BE5-847D-3C70428DDAB6}
	EndGlobalSection
	GlobalSection(ProjectConfiguration) = postSolution
		{2641614B-95FD-4BE5-847D-3C70428DDAB6}.Debug.ActiveCfg = Debug|Win32
		{2641614B-95FD-4BE5-847D-3C70428DDAB6}.Debug.Build.0 = Debug|Win32
		{2641614B-95FD-4BE5-847D-3C70428DDAB6}.Release.ActiveCfg = Release|Win32
		{2641614B-95FD-4BE5-847D-3C70428DDAB6}.Release.Build.0 = Release|Win32
		{562765B9-22CC-47B9-9078-3CB93FEED0A5}.Debug.ActiveCfg = Debug|Win32
		{562765B9-22CC-47B9-9078-3CB93FEED0A5}.Debug.Build.0 = Debug|Win32
		{562765B9-22CC-47B9-9078-3CB93FEED0A5}.Release.ActiveCfg = Release|Win32
		{562765B9-22CC-47B9-9078-3CB93FEED0A5}.Release.Build.0 = Release|Win32
		{BC25EEB5-6FED-4FC3-A792-5F4CB3D41593}.Debug.ActiveCfg = Debug|Win32
		{BC25EEB5-6FED-4FC3-A792-5F4CB3D41593}.Debug.Build.0 = Debug|Win32
		{BC25EEB5-6FED-4FC3-A792-5F4CB3D41593}.Release.ActiveCfg = Release|Win32
		{BC25EEB5-6FED-4FC3-A792-5F4CB3D41593}.Release.Build.0 = Release|Win32
		{C3468AF1-3848-4D9B-B7FF-0B1FB421E4BB}.Debug.ActiveCfg = Debug|Win32
		{C3468AF1-3848-4D9B-B7FF-0B1FB421E4BB}.Debug.Build.0 = Debug|Win32
		{C3468AF1-3848-4D9B-B7FF-0B1FB421E4BB}.Release.ActiveCfg = Release|Win32
		{C3468AF1-3848-4D9B-B7FF-0B1FB421E4BB}.Release.Build.0 = Release|Win32
	EndGlobalSection
	GlobalSection(ExtensibilityGlobals) = postSolution
	EndGlobalSection
	GlobalSection(ExtensibilityAddIns) = postSolution
	EndGlobalSection
EndGlobal
